
Microsoft Visual Studio Solution File, Format Version 12.00
# Visual Studio Version 17
VisualStudioVersion = 17.10.35013.160
MinimumVisualStudioVersion = 10.0.40219.1
Project("{FAE04EC0-301F-11D3-BF4B-00C04F79EFBC}") = "ECommerceApp", "ECommerceApp\ECommerceApp.csproj", "{9DA072C2-B33A-4222-9C3E-02F7B8FF96DB}"
EndProject
Global
	GlobalSection(SolutionConfigurationPlatforms) = preSolution
		Debug|Any CPU = Debug|Any CPU
		Release|Any CPU = Release|Any CPU
	EndGlobalSection
	GlobalSection(ProjectConfigurationPlatforms) = postSolution
		{9DA072C2-B33A-4222-9C3E-02F7B8FF96DB}.Debug|Any CPU.ActiveCfg = Debug|Any CPU
		{9DA072C2-B33A-4222-9C3E-02F7B8FF96DB}.Debug|Any CPU.Build.0 = Debug|Any CPU
		{9DA072C2-B33A-4222-9C3E-02F7B8FF96DB}.Release|Any CPU.ActiveCfg = Release|Any CPU
		{9DA072C2-B33A-4222-9C3E-02F7B8FF96DB}.Release|Any CPU.Build.0 = Release|Any CPU
	EndGlobalSection
	GlobalSection(SolutionProperties) = preSolution
		HideSolutionNode = FALSE
	EndGlobalSection
	GlobalSection(ExtensibilityGlobals) = postSolution
		SolutionGuid = {730E1DAF-63AB-4C7D-B99F-DAF6C00F985B}
	EndGlobalSection
EndGlobal
