
Microsoft Visual Studio Solution File, Format Version 12.00
# Visual Studio Version 17
VisualStudioVersion = 17.10.35013.160
MinimumVisualStudioVersion = 10.0.40219.1
Project("{FAE04EC0-301F-11D3-BF4B-00C04F79EFBC}") = "ProductsOnline", "ECom\ProductsOnline.csproj", "{01988708-7362-4ED3-B664-384C3F717A68}"
EndProject
Global
	GlobalSection(SolutionConfigurationPlatforms) = preSolution
		Debug|Any CPU = Debug|Any CPU
		Release|Any CPU = Release|Any CPU
	EndGlobalSection
	GlobalSection(ProjectConfigurationPlatforms) = postSolution
		{01988708-7362-4ED3-B664-384C3F717A68}.Debug|Any CPU.ActiveCfg = Debug|Any CPU
		{01988708-7362-4ED3-B664-384C3F717A68}.Debug|Any CPU.Build.0 = Debug|Any CPU
		{01988708-7362-4ED3-B664-384C3F717A68}.Release|Any CPU.ActiveCfg = Release|Any CPU
		{01988708-7362-4ED3-B664-384C3F717A68}.Release|Any CPU.Build.0 = Release|Any CPU
	EndGlobalSection
	GlobalSection(SolutionProperties) = preSolution
		HideSolutionNode = FALSE
	EndGlobalSection
	GlobalSection(ExtensibilityGlobals) = postSolution
		SolutionGuid = {B7551560-EE0C-4B30-905F-5CCAE328619C}
	EndGlobalSection
EndGlobal
