
Microsoft Visual Studio Solution File, Format Version 12.00
# Visual Studio Version 17
VisualStudioVersion = 17.10.35013.160
MinimumVisualStudioVersion = 10.0.40219.1
Project("{FAE04EC0-301F-11D3-BF4B-00C04F79EFBC}") = "EmployeeWebSolution", "EmployeeWebSolution\EmployeeWebSolution.csproj", "{2AEAC2F3-B983-4B2D-BDCE-52A5B656CF6D}"
EndProject
Global
	GlobalSection(SolutionConfigurationPlatforms) = preSolution
		Debug|Any CPU = Debug|Any CPU
		Release|Any CPU = Release|Any CPU
	EndGlobalSection
	GlobalSection(ProjectConfigurationPlatforms) = postSolution
		{2AEAC2F3-B983-4B2D-BDCE-52A5B656CF6D}.Debug|Any CPU.ActiveCfg = Debug|Any CPU
		{2AEAC2F3-B983-4B2D-BDCE-52A5B656CF6D}.Debug|Any CPU.Build.0 = Debug|Any CPU
		{2AEAC2F3-B983-4B2D-BDCE-52A5B656CF6D}.Release|Any CPU.ActiveCfg = Release|Any CPU
		{2AEAC2F3-B983-4B2D-BDCE-52A5B656CF6D}.Release|Any CPU.Build.0 = Release|Any CPU
	EndGlobalSection
	GlobalSection(SolutionProperties) = preSolution
		HideSolutionNode = FALSE
	EndGlobalSection
	GlobalSection(ExtensibilityGlobals) = postSolution
		SolutionGuid = {D8B02E51-5EC7-43E5-AE37-013DD967E425}
	EndGlobalSection
EndGlobal
